{
  "name": "workspace",
  "lockfileVersion": 3,
  "requires": true,
  "packages": {
    "": {
      "devDependencies": {
        "unslop-preflight": "^1.15.2"
      }
    },
    "node_modules/unslop-preflight": {
      "version": "1.15.2",
      "resolved": "https://registry.npmjs.org/unslop-preflight/-/unslop-preflight-1.15.2.tgz",
      "integrity": "sha512-oCDP/ga2J9r6myFQ8NXHi0dBAf8FX2mCSRYbsQp9UKFgnDQB9rLqKFjNLvKkeAU0gzhQmmtdm/8V+hwGaSWZgQ==",
      "dev": true,
      "license": "MIT",
      "bin": {
        "unslop": "bin/cli.js",
        "unslop-preflight": "bin/cli.js"
      },
      "engines": {
        "node": ">=18.0.0"
      }
    }
  }
}
